{
  "lockfileVersion": 1,
  "workspaces": {
    "": {
      "name": "uglink-worker-test",
      "dependencies": {
        "@cloudflare/workers-types": "^4.20251004.0",
        "jsencrypt": "^3.5.4",
      },
      "devDependencies": {
        "@types/node": "^24.7.0",
        "typescript": "^5.9.3",
      },
    },
  },
  "packages": {
    "@cloudflare/workers-types": ["@cloudflare/workers-types@4.20251004.0", "", {}, "sha512-FkTBHEyOBwphbW4SLQ2XLCgNntD2wz0v1Si7NwJeN0JAPW/39/w6zhsKy3rsh+203tuSfBgsoP34+Os4RaySOw=="],

    "@types/node": ["@types/node@24.7.0", "", { "dependencies": { "undici-types": "~7.14.0" } }, "sha512-IbKooQVqUBrlzWTi79E8Fw78l8k1RNtlDDNWsFZs7XonuQSJ8oNYfEeclhprUldXISRMLzBpILuKgPlIxm+/Yw=="],

    "jsencrypt": ["jsencrypt@3.5.4", "", {}, "sha512-kNjfYEMNASxrDGsmcSQh/rUTmcoRfSUkxnAz+MMywM8jtGu+fFEZ3nJjHM58zscVnwR0fYmG9sGkTDjqUdpiwA=="],

    "typescript": ["typescript@5.9.3", "", { "bin": { "tsc": "bin/tsc", "tsserver": "bin/tsserver" } }, "sha512-jl1vZzPDinLr9eUt3J/t7V6FgNEw9QjvBPdysz9KfQDD41fQrC2Y4vKQdiaUpFT4bXlb1RHhLpp8wtm6M5TgSw=="],

    "undici-types": ["undici-types@7.14.0", "", {}, "sha512-QQiYxHuyZ9gQUIrmPo3IA+hUl4KYk8uSA7cHrcKd/l3p1OTpZcM0Tbp9x7FAtXdAYhlasd60ncPpgu6ihG6TOA=="],
  }
}
